
Microsoft Visual Studio Solution File, Format Version 12.00
# Visual Studio Version 16
VisualStudioVersion = 16.0.31515.178
MinimumVisualStudioVersion = 10.0.40219.1
Project("{FAE04EC0-301F-11D3-BF4B-00C04F79EFBC}") = "EFCoreMariaDbExample", "EFCoreMariaDbExample\EFCoreMariaDbExample.csproj", "{A1FFD46D-0CEA-4078-A495-A65B0661B5C3}"
EndProject
Global
	GlobalSection(SolutionConfigurationPlatforms) = preSolution
		Debug|Any CPU = Debug|Any CPU
		Release|Any CPU = Release|Any CPU
	EndGlobalSection
	GlobalSection(ProjectConfigurationPlatforms) = postSolution
		{A1FFD46D-0CEA-4078-A495-A65B0661B5C3}.Debug|Any CPU.ActiveCfg = Debug|Any CPU
		{A1FFD46D-0CEA-4078-A495-A65B0661B5C3}.Debug|Any CPU.Build.0 = Debug|Any CPU
		{A1FFD46D-0CEA-4078-A495-A65B0661B5C3}.Release|Any CPU.ActiveCfg = Release|Any CPU
		{A1FFD46D-0CEA-4078-A495-A65B0661B5C3}.Release|Any CPU.Build.0 = Release|Any CPU
	EndGlobalSection
	GlobalSection(SolutionProperties) = preSolution
		HideSolutionNode = FALSE
	EndGlobalSection
	GlobalSection(ExtensibilityGlobals) = postSolution
		SolutionGuid = {227F3CC1-B498-4A5E-AD1A-14F123584064}
	EndGlobalSection
EndGlobal
